{
  "name": "ant-mini-program-demo",
  "version": "1.0.0",
  "lockfileVersion": 1,
  "requires": true,
  "dependencies": {
    "jx-mini-antui": {
      "version": "0.2.28",
      "resolved": "https://registry.npmjs.org/jx-mini-antui/-/jx-mini-antui-0.2.28.tgz",
      "integrity": "sha512-kFA6Cw5c2l25pxzAyGjEX2SV0NS0kP/p0a9S32YGyAAagzQho+c2xOLrBDlXyiuWn6nyYNZ+oznLMZoP4hPVxg=="
    },
    "mini-antui": {
      "version": "0.4.28",
      "resolved": "https://registry.npmjs.org/mini-antui/-/mini-antui-0.4.28.tgz",
      "integrity": "sha512-ZZpBT6CxUjLKrJn6ALJRt2PNsE8S9ahb9zgw+DgFff6cWNIx0JcqAR6qEpK87XAwsf0E6EcjnQNxSLysCsTUbA=="
    }
  }
}
