{
  "name": "ant-mini-program-demo",
  "version": "1.0.0",
  "lockfileVersion": 1,
  "requires": true,
  "dependencies": {
    "jx-mini-antui": {
      "version": "0.2.22",
      "resolved": "https://registry.npmjs.org/jx-mini-antui/-/jx-mini-antui-0.2.22.tgz",
      "integrity": "sha512-2QfolWXxQCoGjgkvJEOEl3VAEml4clg3V0AgQv4hcL+zaTZlB8aH4IraNWj9XgRbbgjKbiFxPzgkRoN6WXnkQg=="
    },
    "mini-antui": {
      "version": "0.4.28",
      "resolved": "https://registry.npmjs.org/mini-antui/-/mini-antui-0.4.28.tgz",
      "integrity": "sha512-ZZpBT6CxUjLKrJn6ALJRt2PNsE8S9ahb9zgw+DgFff6cWNIx0JcqAR6qEpK87XAwsf0E6EcjnQNxSLysCsTUbA=="
    }
  }
}
