{
  "name": "ant-mini-program-demo",
  "version": "1.0.0",
  "lockfileVersion": 1,
  "requires": true,
  "dependencies": {
    "jx-mini-antui": {
      "version": "0.2.32",
      "resolved": "https://registry.npmjs.org/jx-mini-antui/-/jx-mini-antui-0.2.32.tgz",
      "integrity": "sha512-fmon+A4JTjiNrrI9MASnRzyPMvv4xajBYmYYshj4c5z7ItcVud0JOVW01dNBpHRoW5jhWiYJuHADlz7cCl4bnA=="
    },
    "mini-antui": {
      "version": "0.4.28",
      "resolved": "https://registry.npmjs.org/mini-antui/-/mini-antui-0.4.28.tgz",
      "integrity": "sha512-ZZpBT6CxUjLKrJn6ALJRt2PNsE8S9ahb9zgw+DgFff6cWNIx0JcqAR6qEpK87XAwsf0E6EcjnQNxSLysCsTUbA=="
    }
  }
}
